lockfileVersion: '6.0'

settings:
  autoInstallPeers: true
  excludeLinksFromLockfile: false

dependencies:
  vitest:
    specifier: ^1.4.0
    version: 1.4.0

devDependencies:
  prettier:
    specifier: ^3.0.3
    version: 3.0.3

packages:

  /@esbuild/aix-ppc64@0.20.2:
    resolution: {integrity: sha512-D+EBOJHXdNZcLJRBkhENNG8Wji2kgc9AZ9KiPr1JuZjsNtyHzrsfLRrY0tk2H2aoFu6RANO1y1iPPUCDYWkb5g==}
    engines: {node: '>=12'}
    cpu: [ppc64]
    os: [aix]
    requiresBuild: true
    dev: false
    optional: true

  /@esbuild/android-arm64@0.20.2:
    resolution: {integrity: sha512-mRzjLacRtl/tWU0SvD8lUEwb61yP9cqQo6noDZP/O8VkwafSYwZ4yWy24kan8jE/IMERpYncRt2dw438LP3Xmg==}
    engines: {node: '>=12'}
    cpu: [arm64]
    os: [android]
    requiresBuild: true
    dev: false
    optional: true

  /@esbuild/android-arm@0.20.2:
    resolution: {integrity: sha512-t98Ra6pw2VaDhqNWO2Oph2LXbz/EJcnLmKLGBJwEwXX/JAN83Fym1rU8l0JUWK6HkIbWONCSSatf4sf2NBRx/w==}
    engines: {node: '>=12'}
    cpu: [arm]
    os: [android]
    requiresBuild: true
    dev: false
    optional: true

  /@esbuild/android-x64@0.20.2:
    resolution: {integrity: sha512-btzExgV+/lMGDDa194CcUQm53ncxzeBrWJcncOBxuC6ndBkKxnHdFJn86mCIgTELsooUmwUm9FkhSp5HYu00Rg==}
    engines: {node: '>=12'}
    cpu: [x64]
    os: [android]
    requiresBuild: true
    dev: false
    optional: true

  /@esbuild/darwin-arm64@0.20.2:
    resolution: {integrity: sha512-4J6IRT+10J3aJH3l1yzEg9y3wkTDgDk7TSDFX+wKFiWjqWp/iCfLIYzGyasx9l0SAFPT1HwSCR+0w/h1ES/MjA==}
    engines: {node: '>=12'}
    cpu: [arm64]
    os: [darwin]
    requiresBuild: true
    dev: false
    optional: true

  /@esbuild/darwin-x64@0.20.2:
    resolution: {integrity: sha512-tBcXp9KNphnNH0dfhv8KYkZhjc+H3XBkF5DKtswJblV7KlT9EI2+jeA8DgBjp908WEuYll6pF+UStUCfEpdysA==}
    engines: {node: '>=12'}
    cpu: [x64]
    os: [darwin]
    requiresBuild: true
    dev: false
    optional: true

  /@esbuild/freebsd-arm64@0.20.2:
    resolution: {integrity: sha512-d3qI41G4SuLiCGCFGUrKsSeTXyWG6yem1KcGZVS+3FYlYhtNoNgYrWcvkOoaqMhwXSMrZRl69ArHsGJ9mYdbbw==}
    engines: {node: '>=12'}
    cpu: [arm64]
    os: [freebsd]
    requiresBuild: true
    dev: false
    optional: true

  /@esbuild/freebsd-x64@0.20.2:
    resolution: {integrity: sha512-d+DipyvHRuqEeM5zDivKV1KuXn9WeRX6vqSqIDgwIfPQtwMP4jaDsQsDncjTDDsExT4lR/91OLjRo8bmC1e+Cw==}
    engines: {node: '>=12'}
    cpu: [x64]
    os: [freebsd]
    requiresBuild: true
    dev: false
    optional: true

  /@esbuild/linux-arm64@0.20.2:
    resolution: {integrity: sha512-9pb6rBjGvTFNira2FLIWqDk/uaf42sSyLE8j1rnUpuzsODBq7FvpwHYZxQ/It/8b+QOS1RYfqgGFNLRI+qlq2A==}
    engines: {node: '>=12'}
    cpu: [arm64]
    os: [linux]
    requiresBuild: true
    dev: false
    optional: true

  /@esbuild/linux-arm@0.20.2:
    resolution: {integrity: sha512-VhLPeR8HTMPccbuWWcEUD1Az68TqaTYyj6nfE4QByZIQEQVWBB8vup8PpR7y1QHL3CpcF6xd5WVBU/+SBEvGTg==}
    engines: {node: '>=12'}
    cpu: [arm]
    os: [linux]
    requiresBuild: true
    dev: false
    optional: true

  /@esbuild/linux-ia32@0.20.2:
    resolution: {integrity: sha512-o10utieEkNPFDZFQm9CoP7Tvb33UutoJqg3qKf1PWVeeJhJw0Q347PxMvBgVVFgouYLGIhFYG0UGdBumROyiig==}
    engines: {node: '>=12'}
    cpu: [ia32]
    os: [linux]
    requiresBuild: true
    dev: false
    optional: true

  /@esbuild/linux-loong64@0.20.2:
    resolution: {integrity: sha512-PR7sp6R/UC4CFVomVINKJ80pMFlfDfMQMYynX7t1tNTeivQ6XdX5r2XovMmha/VjR1YN/HgHWsVcTRIMkymrgQ==}
    engines: {node: '>=12'}
    cpu: [loong64]
    os: [linux]
    requiresBuild: true
    dev: false
    optional: true

  /@esbuild/linux-mips64el@0.20.2:
    resolution: {integrity: sha512-4BlTqeutE/KnOiTG5Y6Sb/Hw6hsBOZapOVF6njAESHInhlQAghVVZL1ZpIctBOoTFbQyGW+LsVYZ8lSSB3wkjA==}
    engines: {node: '>=12'}
    cpu: [mips64el]
    os: [linux]
    requiresBuild: true
    dev: false
    optional: true

  /@esbuild/linux-ppc64@0.20.2:
    resolution: {integrity: sha512-rD3KsaDprDcfajSKdn25ooz5J5/fWBylaaXkuotBDGnMnDP1Uv5DLAN/45qfnf3JDYyJv/ytGHQaziHUdyzaAg==}
    engines: {node: '>=12'}
    cpu: [ppc64]
    os: [linux]
    requiresBuild: true
    dev: false
    optional: true

  /@esbuild/linux-riscv64@0.20.2:
    resolution: {integrity: sha512-snwmBKacKmwTMmhLlz/3aH1Q9T8v45bKYGE3j26TsaOVtjIag4wLfWSiZykXzXuE1kbCE+zJRmwp+ZbIHinnVg==}
    engines: {node: '>=12'}
    cpu: [riscv64]
    os: [linux]
    requiresBuild: true
    dev: false
    optional: true

  /@esbuild/linux-s390x@0.20.2:
    resolution: {integrity: sha512-wcWISOobRWNm3cezm5HOZcYz1sKoHLd8VL1dl309DiixxVFoFe/o8HnwuIwn6sXre88Nwj+VwZUvJf4AFxkyrQ==}
    engines: {node: '>=12'}
    cpu: [s390x]
    os: [linux]
    requiresBuild: true
    dev: false
    optional: true

  /@esbuild/linux-x64@0.20.2:
    resolution: {integrity: sha512-1MdwI6OOTsfQfek8sLwgyjOXAu+wKhLEoaOLTjbijk6E2WONYpH9ZU2mNtR+lZ2B4uwr+usqGuVfFT9tMtGvGw==}
    engines: {node: '>=12'}
    cpu: [x64]
    os: [linux]
    requiresBuild: true
    dev: false
    optional: true

  /@esbuild/netbsd-x64@0.20.2:
    resolution: {integrity: sha512-K8/DhBxcVQkzYc43yJXDSyjlFeHQJBiowJ0uVL6Tor3jGQfSGHNNJcWxNbOI8v5k82prYqzPuwkzHt3J1T1iZQ==}
    engines: {node: '>=12'}
    cpu: [x64]
    os: [netbsd]
    requiresBuild: true
    dev: false
    optional: true

  /@esbuild/openbsd-x64@0.20.2:
    resolution: {integrity: sha512-eMpKlV0SThJmmJgiVyN9jTPJ2VBPquf6Kt/nAoo6DgHAoN57K15ZghiHaMvqjCye/uU4X5u3YSMgVBI1h3vKrQ==}
    engines: {node: '>=12'}
    cpu: [x64]
    os: [openbsd]
    requiresBuild: true
    dev: false
    optional: true

  /@esbuild/sunos-x64@0.20.2:
    resolution: {integrity: sha512-2UyFtRC6cXLyejf/YEld4Hajo7UHILetzE1vsRcGL3earZEW77JxrFjH4Ez2qaTiEfMgAXxfAZCm1fvM/G/o8w==}
    engines: {node: '>=12'}
    cpu: [x64]
    os: [sunos]
    requiresBuild: true
    dev: false
    optional: true

  /@esbuild/win32-arm64@0.20.2:
    resolution: {integrity: sha512-GRibxoawM9ZCnDxnP3usoUDO9vUkpAxIIZ6GQI+IlVmr5kP3zUq+l17xELTHMWTWzjxa2guPNyrpq1GWmPvcGQ==}
    engines: {node: '>=12'}
    cpu: [arm64]
    os: [win32]
    requiresBuild: true
    dev: false
    optional: true

  /@esbuild/win32-ia32@0.20.2:
    resolution: {integrity: sha512-HfLOfn9YWmkSKRQqovpnITazdtquEW8/SoHW7pWpuEeguaZI4QnCRW6b+oZTztdBnZOS2hqJ6im/D5cPzBTTlQ==}
    engines: {node: '>=12'}
    cpu: [ia32]
    os: [win32]
    requiresBuild: true
    dev: false
    optional: true

  /@esbuild/win32-x64@0.20.2:
    resolution: {integrity: sha512-N49X4lJX27+l9jbLKSqZ6bKNjzQvHaT8IIFUy+YIqmXQdjYCToGWwOItDrfby14c78aDd5NHQl29xingXfCdLQ==}
    engines: {node: '>=12'}
    cpu: [x64]
    os: [win32]
    requiresBuild: true
    dev: false
    optional: true

  /@jest/schemas@29.6.3:
    resolution: {integrity: sha512-mo5j5X+jIZmJQveBKeS/clAueipV7KgiX1vMgCxam1RNYiqE1w62n0/tJJnHtjW8ZHcQco5gY85jA3mi0L+nSA==}
    engines: {node: ^14.15.0 || ^16.10.0 || >=18.0.0}
    dependencies:
      '@sinclair/typebox': 0.27.8
    dev: false

  /@jridgewell/sourcemap-codec@1.4.15:
    resolution: {integrity: sha512-eF2rxCRulEKXHTRiDrDy6erMYWqNw4LPdQ8UQA4huuxaQsVeRPFl2oM8oDGxMFhJUWZf9McpLtJasDDZb/Bpeg==}
    dev: false

  /@rollup/rollup-android-arm-eabi@4.13.2:
    resolution: {integrity: sha512-3XFIDKWMFZrMnao1mJhnOT1h2g0169Os848NhhmGweEcfJ4rCi+3yMCOLG4zA61rbJdkcrM/DjVZm9Hg5p5w7g==}
    cpu: [arm]
    os: [android]
    requiresBuild: true
    dev: false
    optional: true

  /@rollup/rollup-android-arm64@4.13.2:
    resolution: {integrity: sha512-GdxxXbAuM7Y/YQM9/TwwP+L0omeE/lJAR1J+olu36c3LqqZEBdsIWeQ91KBe6nxwOnb06Xh7JS2U5ooWU5/LgQ==}
    cpu: [arm64]
    os: [android]
    requiresBuild: true
    dev: false
    optional: true

  /@rollup/rollup-darwin-arm64@4.13.2:
    resolution: {integrity: sha512-mCMlpzlBgOTdaFs83I4XRr8wNPveJiJX1RLfv4hggyIVhfB5mJfN4P8Z6yKh+oE4Luz+qq1P3kVdWrCKcMYrrA==}
    cpu: [arm64]
    os: [darwin]
    requiresBuild: true
    dev: false
    optional: true

  /@rollup/rollup-darwin-x64@4.13.2:
    resolution: {integrity: sha512-yUoEvnH0FBef/NbB1u6d3HNGyruAKnN74LrPAfDQL3O32e3k3OSfLrPgSJmgb3PJrBZWfPyt6m4ZhAFa2nZp2A==}
    cpu: [x64]
    os: [darwin]
    requiresBuild: true
    dev: false
    optional: true

  /@rollup/rollup-linux-arm-gnueabihf@4.13.2:
    resolution: {integrity: sha512-GYbLs5ErswU/Xs7aGXqzc3RrdEjKdmoCrgzhJWyFL0r5fL3qd1NPcDKDowDnmcoSiGJeU68/Vy+OMUluRxPiLQ==}
    cpu: [arm]
    os: [linux]
    requiresBuild: true
    dev: false
    optional: true

  /@rollup/rollup-linux-arm64-gnu@4.13.2:
    resolution: {integrity: sha512-L1+D8/wqGnKQIlh4Zre9i4R4b4noxzH5DDciyahX4oOz62CphY7WDWqJoQ66zNR4oScLNOqQJfNSIAe/6TPUmQ==}
    cpu: [arm64]
    os: [linux]
    requiresBuild: true
    dev: false
    optional: true

  /@rollup/rollup-linux-arm64-musl@4.13.2:
    resolution: {integrity: sha512-tK5eoKFkXdz6vjfkSTCupUzCo40xueTOiOO6PeEIadlNBkadH1wNOH8ILCPIl8by/Gmb5AGAeQOFeLev7iZDOA==}
    cpu: [arm64]
    os: [linux]
    requiresBuild: true
    dev: false
    optional: true

  /@rollup/rollup-linux-powerpc64le-gnu@4.13.2:
    resolution: {integrity: sha512-zvXvAUGGEYi6tYhcDmb9wlOckVbuD+7z3mzInCSTACJ4DQrdSLPNUeDIcAQW39M3q6PDquqLWu7pnO39uSMRzQ==}
    cpu: [ppc64le]
    os: [linux]
    requiresBuild: true
    dev: false
    optional: true

  /@rollup/rollup-linux-riscv64-gnu@4.13.2:
    resolution: {integrity: sha512-C3GSKvMtdudHCN5HdmAMSRYR2kkhgdOfye4w0xzyii7lebVr4riCgmM6lRiSCnJn2w1Xz7ZZzHKuLrjx5620kw==}
    cpu: [riscv64]
    os: [linux]
    requiresBuild: true
    dev: false
    optional: true

  /@rollup/rollup-linux-s390x-gnu@4.13.2:
    resolution: {integrity: sha512-l4U0KDFwzD36j7HdfJ5/TveEQ1fUTjFFQP5qIt9gBqBgu1G8/kCaq5Ok05kd5TG9F8Lltf3MoYsUMw3rNlJ0Yg==}
    cpu: [s390x]
    os: [linux]
    requiresBuild: true
    dev: false
    optional: true

  /@rollup/rollup-linux-x64-gnu@4.13.2:
    resolution: {integrity: sha512-xXMLUAMzrtsvh3cZ448vbXqlUa7ZL8z0MwHp63K2IIID2+DeP5iWIT6g1SN7hg1VxPzqx0xZdiDM9l4n9LRU1A==}
    cpu: [x64]
    os: [linux]
    requiresBuild: true
    dev: false
    optional: true

  /@rollup/rollup-linux-x64-musl@4.13.2:
    resolution: {integrity: sha512-M/JYAWickafUijWPai4ehrjzVPKRCyDb1SLuO+ZyPfoXgeCEAlgPkNXewFZx0zcnoIe3ay4UjXIMdXQXOZXWqA==}
    cpu: [x64]
    os: [linux]
    requiresBuild: true
    dev: false
    optional: true

  /@rollup/rollup-win32-arm64-msvc@4.13.2:
    resolution: {integrity: sha512-2YWwoVg9KRkIKaXSh0mz3NmfurpmYoBBTAXA9qt7VXk0Xy12PoOP40EFuau+ajgALbbhi4uTj3tSG3tVseCjuA==}
    cpu: [arm64]
    os: [win32]
    requiresBuild: true
    dev: false
    optional: true

  /@rollup/rollup-win32-ia32-msvc@4.13.2:
    resolution: {integrity: sha512-2FSsE9aQ6OWD20E498NYKEQLneShWes0NGMPQwxWOdws35qQXH+FplabOSP5zEe1pVjurSDOGEVCE2agFwSEsw==}
    cpu: [ia32]
    os: [win32]
    requiresBuild: true
    dev: false
    optional: true

  /@rollup/rollup-win32-x64-msvc@4.13.2:
    resolution: {integrity: sha512-7h7J2nokcdPePdKykd8wtc8QqqkqxIrUz7MHj6aNr8waBRU//NLDVnNjQnqQO6fqtjrtCdftpbTuOKAyrAQETQ==}
    cpu: [x64]
    os: [win32]
    requiresBuild: true
    dev: false
    optional: true

  /@sinclair/typebox@0.27.8:
    resolution: {integrity: sha512-+Fj43pSMwJs4KRrH/938Uf+uAELIgVBmQzg/q1YG10djyfA3TnrU8N8XzqCh/okZdszqBQTZf96idMfE5lnwTA==}
    dev: false

  /@types/estree@1.0.5:
    resolution: {integrity: sha512-/kYRxGDLWzHOB7q+wtSUQlFrtcdUccpfy+X+9iMBpHK8QLLhx2wIPYuS5DYtR9Wa/YlZAbIovy7qVdB1Aq6Lyw==}
    dev: false

  /@vitest/expect@1.4.0:
    resolution: {integrity: sha512-Jths0sWCJZ8BxjKe+p+eKsoqev1/T8lYcrjavEaz8auEJ4jAVY0GwW3JKmdVU4mmNPLPHixh4GNXP7GFtAiDHA==}
    dependencies:
      '@vitest/spy': 1.4.0
      '@vitest/utils': 1.4.0
      chai: 4.4.1
    dev: false

  /@vitest/runner@1.4.0:
    resolution: {integrity: sha512-EDYVSmesqlQ4RD2VvWo3hQgTJ7ZrFQ2VSJdfiJiArkCerDAGeyF1i6dHkmySqk573jLp6d/cfqCN+7wUB5tLgg==}
    dependencies:
      '@vitest/utils': 1.4.0
      p-limit: 5.0.0
      pathe: 1.1.1
    dev: false

  /@vitest/snapshot@1.4.0:
    resolution: {integrity: sha512-saAFnt5pPIA5qDGxOHxJ/XxhMFKkUSBJmVt5VgDsAqPTX6JP326r5C/c9UuCMPoXNzuudTPsYDZCoJ5ilpqG2A==}
    dependencies:
      magic-string: 0.30.8
      pathe: 1.1.1
      pretty-format: 29.7.0
    dev: false

  /@vitest/spy@1.4.0:
    resolution: {integrity: sha512-Ywau/Qs1DzM/8Uc+yA77CwSegizMlcgTJuYGAi0jujOteJOUf1ujunHThYo243KG9nAyWT3L9ifPYZ5+As/+6Q==}
    dependencies:
      tinyspy: 2.2.1
    dev: false

  /@vitest/utils@1.4.0:
    resolution: {integrity: sha512-mx3Yd1/6e2Vt/PUC98DcqTirtfxUyAZ32uK82r8rZzbtBeBo+nqgnjx/LvqQdWsrvNtm14VmurNgcf4nqY5gJg==}
    dependencies:
      diff-sequences: 29.6.3
      estree-walker: 3.0.3
      loupe: 2.3.7
      pretty-format: 29.7.0
    dev: false

  /acorn-walk@8.3.2:
    resolution: {integrity: sha512-cjkyv4OtNCIeqhHrfS81QWXoCBPExR/J62oyEqepVw8WaQeSqpW2uhuLPh1m9eWhDuOo/jUXVTlifvesOWp/4A==}
    engines: {node: '>=0.4.0'}
    dev: false

  /acorn@8.10.0:
    resolution: {integrity: sha512-F0SAmZ8iUtS//m8DmCTA0jlh6TDKkHQyK6xc6V4KDTyZKA9dnvX9/3sRTVQrWm79glUAZbnmmNcdYwUIHWVybw==}
    engines: {node: '>=0.4.0'}
    hasBin: true
    dev: false

  /ansi-styles@5.2.0:
    resolution: {integrity: sha512-Cxwpt2SfTzTtXcfOlzGEee8O+c+MmUgGrNiBcXnuWxuFJHe6a5Hz7qwhwe5OgaSYI0IJvkLqWX1ASG+cJOkEiA==}
    engines: {node: '>=10'}
    dev: false

  /assertion-error@1.1.0:
    resolution: {integrity: sha512-jgsaNduz+ndvGyFt3uSuWqvy4lCnIJiovtouQN5JZHOKCS2QuhEdbcQHFhVksz2N2U9hXJo8odG7ETyWlEeuDw==}
    dev: false

  /cac@6.7.14:
    resolution: {integrity: sha512-b6Ilus+c3RrdDk+JhLKUAQfzzgLEPy6wcXqS7f/xe1EETvsDP6GORG7SFuOs6cID5YkqchW/LXZbX5bc8j7ZcQ==}
    engines: {node: '>=8'}
    dev: false

  /chai@4.4.1:
    resolution: {integrity: sha512-13sOfMv2+DWduEU+/xbun3LScLoqN17nBeTLUsmDfKdoiC1fr0n9PU4guu4AhRcOVFk/sW8LyZWHuhWtQZiF+g==}
    engines: {node: '>=4'}
    dependencies:
      assertion-error: 1.1.0
      check-error: 1.0.3
      deep-eql: 4.1.3
      get-func-name: 2.0.2
      loupe: 2.3.6
      pathval: 1.1.1
      type-detect: 4.0.8
    dev: false

  /check-error@1.0.3:
    resolution: {integrity: sha512-iKEoDYaRmd1mxM90a2OEfWhjsjPpYPuQ+lMYsoxB126+t8fw7ySEO48nmDg5COTjxDI65/Y2OWpeEHk3ZOe8zg==}
    dependencies:
      get-func-name: 2.0.2
    dev: false

  /cross-spawn@7.0.3:
    resolution: {integrity: sha512-iRDPJKUPVEND7dHPO8rkbOnPpyDygcDFtWjpeWNCgy8WP2rXcxXL8TskReQl6OrB2G7+UJrags1q15Fudc7G6w==}
    engines: {node: '>= 8'}
    dependencies:
      path-key: 3.1.1
      shebang-command: 2.0.0
      which: 2.0.2
    dev: false

  /debug@4.3.4:
    resolution: {integrity: sha512-PRWFHuSU3eDtQJPvnNY7Jcket1j0t5OuOsFzPPzsekD52Zl8qUfFIPEiswXqIvHWGVHOgX+7G/vCNNhehwxfkQ==}
    engines: {node: '>=6.0'}
    peerDependencies:
      supports-color: '*'
    peerDependenciesMeta:
      supports-color:
        optional: true
    dependencies:
      ms: 2.1.2
    dev: false

  /deep-eql@4.1.3:
    resolution: {integrity: sha512-WaEtAOpRA1MQ0eohqZjpGD8zdI0Ovsm8mmFhaDN8dvDZzyoUMcYDnf5Y6iu7HTXxf8JDS23qWa4a+hKCDyOPzw==}
    engines: {node: '>=6'}
    dependencies:
      type-detect: 4.0.8
    dev: false

  /diff-sequences@29.6.3:
    resolution: {integrity: sha512-EjePK1srD3P08o2j4f0ExnylqRs5B9tJjcp9t1krH2qRi8CCdsYfwe9JgSLurFBWwq4uOlipzfk5fHNvwFKr8Q==}
    engines: {node: ^14.15.0 || ^16.10.0 || >=18.0.0}
    dev: false

  /esbuild@0.20.2:
    resolution: {integrity: sha512-WdOOppmUNU+IbZ0PaDiTst80zjnrOkyJNHoKupIcVyU8Lvla3Ugx94VzkQ32Ijqd7UhHJy75gNWDMUekcrSJ6g==}
    engines: {node: '>=12'}
    hasBin: true
    requiresBuild: true
    optionalDependencies:
      '@esbuild/aix-ppc64': 0.20.2
      '@esbuild/android-arm': 0.20.2
      '@esbuild/android-arm64': 0.20.2
      '@esbuild/android-x64': 0.20.2
      '@esbuild/darwin-arm64': 0.20.2
      '@esbuild/darwin-x64': 0.20.2
      '@esbuild/freebsd-arm64': 0.20.2
      '@esbuild/freebsd-x64': 0.20.2
      '@esbuild/linux-arm': 0.20.2
      '@esbuild/linux-arm64': 0.20.2
      '@esbuild/linux-ia32': 0.20.2
      '@esbuild/linux-loong64': 0.20.2
      '@esbuild/linux-mips64el': 0.20.2
      '@esbuild/linux-ppc64': 0.20.2
      '@esbuild/linux-riscv64': 0.20.2
      '@esbuild/linux-s390x': 0.20.2
      '@esbuild/linux-x64': 0.20.2
      '@esbuild/netbsd-x64': 0.20.2
      '@esbuild/openbsd-x64': 0.20.2
      '@esbuild/sunos-x64': 0.20.2
      '@esbuild/win32-arm64': 0.20.2
      '@esbuild/win32-ia32': 0.20.2
      '@esbuild/win32-x64': 0.20.2
    dev: false

  /estree-walker@3.0.3:
    resolution: {integrity: sha512-7RUKfXgSMMkzt6ZuXmqapOurLGPPfgj6l9uRZ7lRGolvk0y2yocc35LdcxKC5PQZdn2DMqioAQ2NoWcrTKmm6g==}
    dependencies:
      '@types/estree': 1.0.5
    dev: false

  /execa@8.0.1:
    resolution: {integrity: sha512-VyhnebXciFV2DESc+p6B+y0LjSm0krU4OgJN44qFAhBY0TJ+1V61tYD2+wHusZ6F9n5K+vl8k0sTy7PEfV4qpg==}
    engines: {node: '>=16.17'}
    dependencies:
      cross-spawn: 7.0.3
      get-stream: 8.0.1
      human-signals: 5.0.0
      is-stream: 3.0.0
      merge-stream: 2.0.0
      npm-run-path: 5.3.0
      onetime: 6.0.0
      signal-exit: 4.1.0
      strip-final-newline: 3.0.0
    dev: false

  /fsevents@2.3.3:
    resolution: {integrity: sha512-5xoDfX+fL7faATnagmWPpbFtwh/R77WmMMqqHGS65C3vvB0YHrgF+B1YmZ3441tMj5n63k0212XNoJwzlhffQw==}
    engines: {node: ^8.16.0 || ^10.6.0 || >=11.0.0}
    os: [darwin]
    requiresBuild: true
    dev: false
    optional: true

  /get-func-name@2.0.2:
    resolution: {integrity: sha512-8vXOvuE167CtIc3OyItco7N/dpRtBbYOsPsXCz7X/PMnlGjYjSGuZJgM1Y7mmew7BKf9BqvLX2tnOVy1BBUsxQ==}
    dev: false

  /get-stream@8.0.1:
    resolution: {integrity: sha512-VaUJspBffn/LMCJVoMvSAdmscJyS1auj5Zulnn5UoYcY531UWmdwhRWkcGKnGU93m5HSXP9LP2usOryrBtQowA==}
    engines: {node: '>=16'}
    dev: false

  /human-signals@5.0.0:
    resolution: {integrity: sha512-AXcZb6vzzrFAUE61HnN4mpLqd/cSIwNQjtNWR0euPm6y0iqx3G4gOXaIDdtdDwZmhwe82LA6+zinmW4UBWVePQ==}
    engines: {node: '>=16.17.0'}
    dev: false

  /is-stream@3.0.0:
    resolution: {integrity: sha512-LnQR4bZ9IADDRSkvpqMGvt/tEJWclzklNgSw48V5EAaAeDd6qGvN8ei6k5p0tvxSR171VmGyHuTiAOfxAbr8kA==}
    engines: {node: ^12.20.0 || ^14.13.1 || >=16.0.0}
    dev: false

  /isexe@2.0.0:
    resolution: {integrity: sha512-RHxMLp9lnKHGHRng9QFhRCMbYAcVpn69smSGcq3f36xjgVVWThj4qqLbTLlq7Ssj8B+fIQ1EuCEGI2lKsyQeIw==}
    dev: false

  /js-tokens@9.0.0:
    resolution: {integrity: sha512-WriZw1luRMlmV3LGJaR6QOJjWwgLUTf89OwT2lUOyjX2dJGBwgmIkbcz+7WFZjrZM635JOIR517++e/67CP9dQ==}
    dev: false

  /jsonc-parser@3.2.0:
    resolution: {integrity: sha512-gfFQZrcTc8CnKXp6Y4/CBT3fTc0OVuDofpre4aEeEpSBPV5X5v4+Vmx+8snU7RLPrNHPKSgLxGo9YuQzz20o+w==}
    dev: false

  /local-pkg@0.5.0:
    resolution: {integrity: sha512-ok6z3qlYyCDS4ZEU27HaU6x/xZa9Whf8jD4ptH5UZTQYZVYeb9bnZ3ojVhiJNLiXK1Hfc0GNbLXcmZ5plLDDBg==}
    engines: {node: '>=14'}
    dependencies:
      mlly: 1.4.2
      pkg-types: 1.0.3
    dev: false

  /loupe@2.3.6:
    resolution: {integrity: sha512-RaPMZKiMy8/JruncMU5Bt6na1eftNoo++R4Y+N2FrxkDVTrGvcyzFTsaGif4QTeKESheMGegbhw6iUAq+5A8zA==}
    deprecated: Please upgrade to 2.3.7 which fixes GHSA-4q6p-r6v2-jvc5
    dependencies:
      get-func-name: 2.0.2
    dev: false

  /loupe@2.3.7:
    resolution: {integrity: sha512-zSMINGVYkdpYSOBmLi0D1Uo7JU9nVdQKrHxC8eYlV+9YKK9WePqAlL7lSlorG/U2Fw1w0hTBmaa/jrQ3UbPHtA==}
    dependencies:
      get-func-name: 2.0.2
    dev: false

  /magic-string@0.30.8:
    resolution: {integrity: sha512-ISQTe55T2ao7XtlAStud6qwYPZjE4GK1S/BeVPus4jrq6JuOnQ00YKQC581RWhR122W7msZV263KzVeLoqidyQ==}
    engines: {node: '>=12'}
    dependencies:
      '@jridgewell/sourcemap-codec': 1.4.15
    dev: false

  /merge-stream@2.0.0:
    resolution: {integrity: sha512-abv/qOcuPfk3URPfDzmZU1LKmuw8kT+0nIHvKrKgFrwifol/doWcdA4ZqsWQ8ENrFKkd67Mfpo/LovbIUsbt3w==}
    dev: false

  /mimic-fn@4.0.0:
    resolution: {integrity: sha512-vqiC06CuhBTUdZH+RYl8sFrL096vA45Ok5ISO6sE/Mr1jRbGH4Csnhi8f3wKVl7x8mO4Au7Ir9D3Oyv1VYMFJw==}
    engines: {node: '>=12'}
    dev: false

  /mlly@1.4.2:
    resolution: {integrity: sha512-i/Ykufi2t1EZ6NaPLdfnZk2AX8cs0d+mTzVKuPfqPKPatxLApaBoxJQ9x1/uckXtrS/U5oisPMDkNs0yQTaBRg==}
    dependencies:
      acorn: 8.10.0
      pathe: 1.1.1
      pkg-types: 1.0.3
      ufo: 1.3.0
    dev: false

  /ms@2.1.2:
    resolution: {integrity: sha512-sGkPx+VjMtmA6MX27oA4FBFELFCZZ4S4XqeGOXCv68tT+jb3vk/RyaKWP0PTKyWtmLSM0b+adUTEvbs1PEaH2w==}
    dev: false

  /nanoid@3.3.7:
    resolution: {integrity: sha512-eSRppjcPIatRIMC1U6UngP8XFcz8MQWGQdt1MTBQ7NaAmvXDfvNxbvWV3x2y6CdEUciCSsDHDQZbhYaB8QEo2g==}
    engines: {node: ^10 || ^12 || ^13.7 || ^14 || >=15.0.1}
    hasBin: true
    dev: false

  /npm-run-path@5.3.0:
    resolution: {integrity: sha512-ppwTtiJZq0O/ai0z7yfudtBpWIoxM8yE6nHi1X47eFR2EWORqfbu6CnPlNsjeN683eT0qG6H/Pyf9fCcvjnnnQ==}
    engines: {node: ^12.20.0 || ^14.13.1 || >=16.0.0}
    dependencies:
      path-key: 4.0.0
    dev: false

  /onetime@6.0.0:
    resolution: {integrity: sha512-1FlR+gjXK7X+AsAHso35MnyN5KqGwJRi/31ft6x0M194ht7S+rWAvd7PHss9xSKMzE0asv1pyIHaJYq+BbacAQ==}
    engines: {node: '>=12'}
    dependencies:
      mimic-fn: 4.0.0
    dev: false

  /p-limit@5.0.0:
    resolution: {integrity: sha512-/Eaoq+QyLSiXQ4lyYV23f14mZRQcXnxfHrN0vCai+ak9G0pp9iEQukIIZq5NccEvwRB8PUnZT0KsOoDCINS1qQ==}
    engines: {node: '>=18'}
    dependencies:
      yocto-queue: 1.0.0
    dev: false

  /path-key@3.1.1:
    resolution: {integrity: sha512-ojmeN0qd+y0jszEtoY48r0Peq5dwMEkIlCOu6Q5f41lfkswXuKtYrhgoTpLnyIcHm24Uhqx+5Tqm2InSwLhE6Q==}
    engines: {node: '>=8'}
    dev: false

  /path-key@4.0.0:
    resolution: {integrity: sha512-haREypq7xkM7ErfgIyA0z+Bj4AGKlMSdlQE2jvJo6huWD1EdkKYV+G/T4nq0YEF2vgTT8kqMFKo1uHn950r4SQ==}
    engines: {node: '>=12'}
    dev: false

  /pathe@1.1.1:
    resolution: {integrity: sha512-d+RQGp0MAYTIaDBIMmOfMwz3E+LOZnxx1HZd5R18mmCZY0QBlK0LDZfPc8FW8Ed2DlvsuE6PRjroDY+wg4+j/Q==}
    dev: false

  /pathval@1.1.1:
    resolution: {integrity: sha512-Dp6zGqpTdETdR63lehJYPeIOqpiNBNtc7BpWSLrOje7UaIsE5aY92r/AunQA7rsXvet3lrJ3JnZX29UPTKXyKQ==}
    dev: false

  /picocolors@1.0.0:
    resolution: {integrity: sha512-1fygroTLlHu66zi26VoTDv8yRgm0Fccecssto+MhsZ0D/DGW2sm8E8AjW7NU5VVTRt5GxbeZ5qBuJr+HyLYkjQ==}
    dev: false

  /pkg-types@1.0.3:
    resolution: {integrity: sha512-nN7pYi0AQqJnoLPC9eHFQ8AcyaixBUOwvqc5TDnIKCMEE6I0y8P7OKA7fPexsXGCGxQDl/cmrLAp26LhcwxZ4A==}
    dependencies:
      jsonc-parser: 3.2.0
      mlly: 1.4.2
      pathe: 1.1.1
    dev: false

  /postcss@8.4.38:
    resolution: {integrity: sha512-Wglpdk03BSfXkHoQa3b/oulrotAkwrlLDRSOb9D0bN86FdRyE9lppSp33aHNPgBa0JKCoB+drFLZkQoRRYae5A==}
    engines: {node: ^10 || ^12 || >=14}
    dependencies:
      nanoid: 3.3.7
      picocolors: 1.0.0
      source-map-js: 1.2.0
    dev: false

  /prettier@3.0.3:
    resolution: {integrity: sha512-L/4pUDMxcNa8R/EthV08Zt42WBO4h1rarVtK0K+QJG0X187OLo7l699jWw0GKuwzkPQ//jMFA/8Xm6Fh3J/DAg==}
    engines: {node: '>=14'}
    hasBin: true
    dev: true

  /pretty-format@29.7.0:
    resolution: {integrity: sha512-Pdlw/oPxN+aXdmM9R00JVC9WVFoCLTKJvDVLgmJ+qAffBMxsV85l/Lu7sNx4zSzPyoL2euImuEwHhOXdEgNFZQ==}
    engines: {node: ^14.15.0 || ^16.10.0 || >=18.0.0}
    dependencies:
      '@jest/schemas': 29.6.3
      ansi-styles: 5.2.0
      react-is: 18.2.0
    dev: false

  /react-is@18.2.0:
    resolution: {integrity: sha512-xWGDIW6x921xtzPkhiULtthJHoJvBbF3q26fzloPCK0hsvxtPVelvftw3zjbHWSkR2km9Z+4uxbDDK/6Zw9B8w==}
    dev: false

  /rollup@4.13.2:
    resolution: {integrity: sha512-MIlLgsdMprDBXC+4hsPgzWUasLO9CE4zOkj/u6j+Z6j5A4zRY+CtiXAdJyPtgCsc42g658Aeh1DlrdVEJhsL2g==}
    engines: {node: '>=18.0.0', npm: '>=8.0.0'}
    hasBin: true
    dependencies:
      '@types/estree': 1.0.5
    optionalDependencies:
      '@rollup/rollup-android-arm-eabi': 4.13.2
      '@rollup/rollup-android-arm64': 4.13.2
      '@rollup/rollup-darwin-arm64': 4.13.2
      '@rollup/rollup-darwin-x64': 4.13.2
      '@rollup/rollup-linux-arm-gnueabihf': 4.13.2
      '@rollup/rollup-linux-arm64-gnu': 4.13.2
      '@rollup/rollup-linux-arm64-musl': 4.13.2
      '@rollup/rollup-linux-powerpc64le-gnu': 4.13.2
      '@rollup/rollup-linux-riscv64-gnu': 4.13.2
      '@rollup/rollup-linux-s390x-gnu': 4.13.2
      '@rollup/rollup-linux-x64-gnu': 4.13.2
      '@rollup/rollup-linux-x64-musl': 4.13.2
      '@rollup/rollup-win32-arm64-msvc': 4.13.2
      '@rollup/rollup-win32-ia32-msvc': 4.13.2
      '@rollup/rollup-win32-x64-msvc': 4.13.2
      fsevents: 2.3.3
    dev: false

  /shebang-command@2.0.0:
    resolution: {integrity: sha512-kHxr2zZpYtdmrN1qDjrrX/Z1rR1kG8Dx+gkpK1G4eXmvXswmcE1hTWBWYUzlraYw1/yZp6YuDY77YtvbN0dmDA==}
    engines: {node: '>=8'}
    dependencies:
      shebang-regex: 3.0.0
    dev: false

  /shebang-regex@3.0.0:
    resolution: {integrity: sha512-7++dFhtcx3353uBaq8DDR4NuxBetBzC7ZQOhmTQInHEd6bSrXdiEyzCvG07Z44UYdLShWUyXt5M/yhz8ekcb1A==}
    engines: {node: '>=8'}
    dev: false

  /siginfo@2.0.0:
    resolution: {integrity: sha512-ybx0WO1/8bSBLEWXZvEd7gMW3Sn3JFlW3TvX1nREbDLRNQNaeNN8WK0meBwPdAaOI7TtRRRJn/Es1zhrrCHu7g==}
    dev: false

  /signal-exit@4.1.0:
    resolution: {integrity: sha512-bzyZ1e88w9O1iNJbKnOlvYTrWPDl46O1bG0D3XInv+9tkPrxrN8jUUTiFlDkkmKWgn1M6CfIA13SuGqOa9Korw==}
    engines: {node: '>=14'}
    dev: false

  /source-map-js@1.2.0:
    resolution: {integrity: sha512-itJW8lvSA0TXEphiRoawsCksnlf8SyvmFzIhltqAHluXd88pkCd+cXJVHTDwdCr0IzwptSm035IHQktUu1QUMg==}
    engines: {node: '>=0.10.0'}
    dev: false

  /stackback@0.0.2:
    resolution: {integrity: sha512-1XMJE5fQo1jGH6Y/7ebnwPOBEkIEnT4QF32d5R1+VXdXveM0IBMJt8zfaxX1P3QhVwrYe+576+jkANtSS2mBbw==}
    dev: false

  /std-env@3.7.0:
    resolution: {integrity: sha512-JPbdCEQLj1w5GilpiHAx3qJvFndqybBysA3qUOnznweH4QbNYUsW/ea8QzSrnh0vNsezMMw5bcVool8lM0gwzg==}
    dev: false

  /strip-final-newline@3.0.0:
    resolution: {integrity: sha512-dOESqjYr96iWYylGObzd39EuNTa5VJxyvVAEm5Jnh7KGo75V43Hk1odPQkNDyXNmUR6k+gEiDVXnjB8HJ3crXw==}
    engines: {node: '>=12'}
    dev: false

  /strip-literal@2.1.0:
    resolution: {integrity: sha512-Op+UycaUt/8FbN/Z2TWPBLge3jWrP3xj10f3fnYxf052bKuS3EKs1ZQcVGjnEMdsNVAM+plXRdmjrZ/KgG3Skw==}
    dependencies:
      js-tokens: 9.0.0
    dev: false

  /tinybench@2.6.0:
    resolution: {integrity: sha512-N8hW3PG/3aOoZAN5V/NSAEDz0ZixDSSt5b/a05iqtpgfLWMSVuCo7w0k2vVvEjdrIoeGqZzweX2WlyioNIHchA==}
    dev: false

  /tinypool@0.8.3:
    resolution: {integrity: sha512-Ud7uepAklqRH1bvwy22ynrliC7Dljz7Tm8M/0RBUW+YRa4YHhZ6e4PpgE+fu1zr/WqB1kbeuVrdfeuyIBpy4tw==}
    engines: {node: '>=14.0.0'}
    dev: false

  /tinyspy@2.2.1:
    resolution: {integrity: sha512-KYad6Vy5VDWV4GH3fjpseMQ/XU2BhIYP7Vzd0LG44qRWm/Yt2WCOTicFdvmgo6gWaqooMQCawTtILVQJupKu7A==}
    engines: {node: '>=14.0.0'}
    dev: false

  /type-detect@4.0.8:
    resolution: {integrity: sha512-0fr/mIH1dlO+x7TlcMy+bIDqKPsw/70tVyeHW787goQjhmqaZe10uwLujubK9q9Lg6Fiho1KUKDYz0Z7k7g5/g==}
    engines: {node: '>=4'}
    dev: false

  /ufo@1.3.0:
    resolution: {integrity: sha512-bRn3CsoojyNStCZe0BG0Mt4Nr/4KF+rhFlnNXybgqt5pXHNFRlqinSoQaTrGyzE4X8aHplSb+TorH+COin9Yxw==}
    dev: false

  /vite-node@1.4.0:
    resolution: {integrity: sha512-VZDAseqjrHgNd4Kh8icYHWzTKSCZMhia7GyHfhtzLW33fZlG9SwsB6CEhgyVOWkJfJ2pFLrp/Gj1FSfAiqH9Lw==}
    engines: {node: ^18.0.0 || >=20.0.0}
    hasBin: true
    dependencies:
      cac: 6.7.14
      debug: 4.3.4
      pathe: 1.1.1
      picocolors: 1.0.0
      vite: 5.2.7
    transitivePeerDependencies:
      - '@types/node'
      - less
      - lightningcss
      - sass
      - stylus
      - sugarss
      - supports-color
      - terser
    dev: false

  /vite@5.2.7:
    resolution: {integrity: sha512-k14PWOKLI6pMaSzAuGtT+Cf0YmIx12z9YGon39onaJNy8DLBfBJrzg9FQEmkAM5lpHBZs9wksWAsyF/HkpEwJA==}
    engines: {node: ^18.0.0 || >=20.0.0}
    hasBin: true
    peerDependencies:
      '@types/node': ^18.0.0 || >=20.0.0
      less: '*'
      lightningcss: ^1.21.0
      sass: '*'
      stylus: '*'
      sugarss: '*'
      terser: ^5.4.0
    peerDependenciesMeta:
      '@types/node':
        optional: true
      less:
        optional: true
      lightningcss:
        optional: true
      sass:
        optional: true
      stylus:
        optional: true
      sugarss:
        optional: true
      terser:
        optional: true
    dependencies:
      esbuild: 0.20.2
      postcss: 8.4.38
      rollup: 4.13.2
    optionalDependencies:
      fsevents: 2.3.3
    dev: false

  /vitest@1.4.0:
    resolution: {integrity: sha512-gujzn0g7fmwf83/WzrDTnncZt2UiXP41mHuFYFrdwaLRVQ6JYQEiME2IfEjU3vcFL3VKa75XhI3lFgn+hfVsQw==}
    engines: {node: ^18.0.0 || >=20.0.0}
    hasBin: true
    peerDependencies:
      '@edge-runtime/vm': '*'
      '@types/node': ^18.0.0 || >=20.0.0
      '@vitest/browser': 1.4.0
      '@vitest/ui': 1.4.0
      happy-dom: '*'
      jsdom: '*'
    peerDependenciesMeta:
      '@edge-runtime/vm':
        optional: true
      '@types/node':
        optional: true
      '@vitest/browser':
        optional: true
      '@vitest/ui':
        optional: true
      happy-dom:
        optional: true
      jsdom:
        optional: true
    dependencies:
      '@vitest/expect': 1.4.0
      '@vitest/runner': 1.4.0
      '@vitest/snapshot': 1.4.0
      '@vitest/spy': 1.4.0
      '@vitest/utils': 1.4.0
      acorn-walk: 8.3.2
      chai: 4.4.1
      debug: 4.3.4
      execa: 8.0.1
      local-pkg: 0.5.0
      magic-string: 0.30.8
      pathe: 1.1.1
      picocolors: 1.0.0
      std-env: 3.7.0
      strip-literal: 2.1.0
      tinybench: 2.6.0
      tinypool: 0.8.3
      vite: 5.2.7
      vite-node: 1.4.0
      why-is-node-running: 2.2.2
    transitivePeerDependencies:
      - less
      - lightningcss
      - sass
      - stylus
      - sugarss
      - supports-color
      - terser
    dev: false

  /which@2.0.2:
    resolution: {integrity: sha512-BLI3Tl1TW3Pvl70l3yq3Y64i+awpwXqsGBYWkkqMtnbXgrMD+yj7rhW0kuEDxzJaYXGjEW5ogapKNMEKNMjibA==}
    engines: {node: '>= 8'}
    hasBin: true
    dependencies:
      isexe: 2.0.0
    dev: false

  /why-is-node-running@2.2.2:
    resolution: {integrity: sha512-6tSwToZxTOcotxHeA+qGCq1mVzKR3CwcJGmVcY+QE8SHy6TnpFnh8PAvPNHYr7EcuVeG0QSMxtYCuO1ta/G/oA==}
    engines: {node: '>=8'}
    hasBin: true
    dependencies:
      siginfo: 2.0.0
      stackback: 0.0.2
    dev: false

  /yocto-queue@1.0.0:
    resolution: {integrity: sha512-9bnSc/HEW2uRy67wc+T8UwauLuPJVn28jb+GtJY16iiKWyvmYJRXVT4UamsAEGQfPohgr2q4Tq0sQbQlxTfi1g==}
    engines: {node: '>=12.20'}
    dev: false
